PODS:
  - Alamofire (4.5.0)
  - ASN1Decoder (1.2)

DEPENDENCIES:
  - Alamofire
  - ASN1Decoder

SPEC REPOS:
  https://github.com/cocoapods/specs.git:
    - Alamofire
    - ASN1Decoder

SPEC CHECKSUMS:
  Alamofire: f28cdffd29de33a7bfa022cbd63ae95a27fae140
  ASN1Decoder: 1a1f4fa469e14083f2664e182975a39299cb5e32

PODFILE CHECKSUM: 3f291cfb5e7729f4184f7a2f861926048601c570

COCOAPODS: 1.5.3
