// !$*UTF8*$!
{
	archiveVersion = 1;
	classes = {
	};
	objectVersion = 48;
	objects = {

/* Begin PBXBuildFile section */
		1CB9EA9A2174C47C000E0EE4 /* GPCertUtils.swift in Sources */ = {isa = PBXBuildFile; fileRef = 1CB9EA992174C47C000E0EE4 /* GPCertUtils.swift */; };
		1CB9EA9E2174E130000E0EE4 /* SelftSignerSessionDelegate.swift in Sources */ = {isa = PBXBuildFile; fileRef = 1CB9EA9D2174E12F000E0EE4 /* SelftSignerSessionDelegate.swift */; };
		33FC3624A97CD486BD41B9AD /* Pods_pinner.framework in Frameworks */ = {isa = PBXBuildFile; fileRef = F5BB9469EFB703639891AEF9 /* Pods_pinner.framework */; };
		490CFE8F1F71783100EB83BF /* CustomServerTrustPolicyManager.swift in Sources */ = {isa = PBXBuildFile; fileRef = 490CFE8E1F71783100EB83BF /* CustomServerTrustPolicyManager.swift */; };
		490CFE911F72574E00EB83BF /* infinumco.crt in Resources */ = {isa = PBXBuildFile; fileRef = 490CFE901F72574E00EB83BF /* infinumco.crt */; };
		490CFE951F72D63300EB83BF /* CustomSessionDelegate.swift in Sources */ = {isa = PBXBuildFile; fileRef = 490CFE941F72D63300EB83BF /* CustomSessionDelegate.swift */; };
		49F5C8411F6BCA2700D3F8FB /* AppDelegate.swift in Sources */ = {isa = PBXBuildFile; fileRef = 49F5C8401F6BCA2700D3F8FB /* AppDelegate.swift */; };
		49F5C8431F6BCA2700D3F8FB /* ViewController.swift in Sources */ = {isa = PBXBuildFile; fileRef = 49F5C8421F6BCA2700D3F8FB /* ViewController.swift */; };
		49F5C8461F6BCA2700D3F8FB /* Main.storyboard in Resources */ = {isa = PBXBuildFile; fileRef = 49F5C8441F6BCA2700D3F8FB /* Main.storyboard */; };
		49F5C8481F6BCA2700D3F8FB /* Assets.xcassets in Resources */ = {isa = PBXBuildFile; fileRef = 49F5C8471F6BCA2700D3F8FB /* Assets.xcassets */; };
		49F5C84B1F6BCA2700D3F8FB /* LaunchScreen.storyboard in Resources */ = {isa = PBXBuildFile; fileRef = 49F5C8491F6BCA2700D3F8FB /* LaunchScreen.storyboard */; };
		8C215FFB217B11A10027E7B9 /* moneymonster.local.DER in Resources */ = {isa = PBXBuildFile; fileRef = 8C215FFA217B11A10027E7B9 /* moneymonster.local.DER */; };
		8C216003217B136E0027E7B9 /* pinnerTests.swift in Sources */ = {isa = PBXBuildFile; fileRef = 8C216002217B136E0027E7B9 /* pinnerTests.swift */; };
		8C21600A217B13960027E7B9 /* moneymonster.local.DER in Resources */ = {isa = PBXBuildFile; fileRef = 8C215FFA217B11A10027E7B9 /* moneymonster.local.DER */; };
		8C2558802171CDE400F2B9A1 /* httpbinorg.cer in Resources */ = {isa = PBXBuildFile; fileRef = 8C25587F2171CDE400F2B9A1 /* httpbinorg.cer */; };
		8C2558812171D22100F2B9A1 /* httpbinorg.crt in Resources */ = {isa = PBXBuildFile; fileRef = 8C25587D2171CCBC00F2B9A1 /* httpbinorg.crt */; };
		8C2558832173182D00F2B9A1 /* DownloadSessionDelegate.swift in Sources */ = {isa = PBXBuildFile; fileRef = 8C2558822173182D00F2B9A1 /* DownloadSessionDelegate.swift */; };
		8C8C0909217B21E400115591 /* NOTES.txt in Resources */ = {isa = PBXBuildFile; fileRef = 8C8C0908217B21E400115591 /* NOTES.txt */; };
		8C8C090B217B25D500115591 /* momo-ca.1.crt.DER in Resources */ = {isa = PBXBuildFile; fileRef = 8C8C090A217B25D500115591 /* momo-ca.1.crt.DER */; };
		8C8C0911217B2F0300115591 /* Security.framework in Frameworks */ = {isa = PBXBuildFile; fileRef = 8C8C0910217B2F0300115591 /* Security.framework */; };
		F101795BB50007441F93E389 /* Pods_pinnerTests.framework in Frameworks */ = {isa = PBXBuildFile; fileRef = 80FFCACB8318F1D6CCD88153 /* Pods_pinnerTests.framework */; };
/* End PBXBuildFile section */

/* Begin PBXContainerItemProxy section */
		8C216005217B136E0027E7B9 /* PBXContainerItemProxy */ = {
			isa = PBXContainerItemProxy;
			containerPortal = 49F5C8351F6BCA2700D3F8FB /* Project object */;
			proxyType = 1;
			remoteGlobalIDString = 49F5C83C1F6BCA2700D3F8FB;
			remoteInfo = pinner;
		};
/* End PBXContainerItemProxy section */

/* Begin PBXFileReference section */
		1CB9EA992174C47C000E0EE4 /* GPCertUtils.swift */ = {isa = PBXFileReference; fileEncoding = 4; lastKnownFileType = sourcecode.swift; path = GPCertUtils.swift; sourceTree = "<group>"; };
		1CB9EA9D2174E12F000E0EE4 /* SelftSignerSessionDelegate.swift */ = {isa = PBXFileReference; fileEncoding = 4; lastKnownFileType = sourcecode.swift; path = SelftSignerSessionDelegate.swift; sourceTree = "<group>"; };
		490CFE8E1F71783100EB83BF /* CustomServerTrustPolicyManager.swift */ = {isa = PBXFileReference; lastKnownFileType = sourcecode.swift; path = CustomServerTrustPolicyManager.swift; sourceTree = "<group>"; };
		490CFE901F72574E00EB83BF /* infinumco.crt */ = {isa = PBXFileReference; lastKnownFileType = file; path = infinumco.crt; sourceTree = "<group>"; };
		490CFE941F72D63300EB83BF /* CustomSessionDelegate.swift */ = {isa = PBXFileReference; lastKnownFileType = sourcecode.swift; path = CustomSessionDelegate.swift; sourceTree = "<group>"; };
		49F5C83D1F6BCA2700D3F8FB /* pinner.app */ = {isa = PBXFileReference; explicitFileType = wrapper.application; includeInIndex = 0; path = pinner.app; sourceTree = BUILT_PRODUCTS_DIR; };
		49F5C8401F6BCA2700D3F8FB /* AppDelegate.swift */ = {isa = PBXFileReference; lastKnownFileType = sourcecode.swift; path = AppDelegate.swift; sourceTree = "<group>"; };
		49F5C8421F6BCA2700D3F8FB /* ViewController.swift */ = {isa = PBXFileReference; lastKnownFileType = sourcecode.swift; path = ViewController.swift; sourceTree = "<group>"; };
		49F5C8451F6BCA2700D3F8FB /* Base */ = {isa = PBXFileReference; lastKnownFileType = file.storyboard; name = Base; path = Base.lproj/Main.storyboard; sourceTree = "<group>"; };
		49F5C8471F6BCA2700D3F8FB /* Assets.xcassets */ = {isa = PBXFileReference; lastKnownFileType = folder.assetcatalog; path = Assets.xcassets; sourceTree = "<group>"; };
		49F5C84A1F6BCA2700D3F8FB /* Base */ = {isa = PBXFileReference; lastKnownFileType = file.storyboard; name = Base; path = Base.lproj/LaunchScreen.storyboard; sourceTree = "<group>"; };
		49F5C84C1F6BCA2700D3F8FB /* Info.plist */ = {isa = PBXFileReference; lastKnownFileType = text.plist.xml; path = Info.plist; sourceTree = "<group>"; };
		6C6CCEDEFB60C744FB8CA360 /* Pods-pinnerTests.debug.xcconfig */ = {isa = PBXFileReference; includeInIndex = 1; lastKnownFileType = text.xcconfig; name = "Pods-pinnerTests.debug.xcconfig"; path = "Pods/Target Support Files/Pods-pinnerTests/Pods-pinnerTests.debug.xcconfig"; sourceTree = "<group>"; };
		749371F37A89C35F3E5D9F67 /* Pods-pinnerTests.release.xcconfig */ = {isa = PBXFileReference; includeInIndex = 1; lastKnownFileType = text.xcconfig; name = "Pods-pinnerTests.release.xcconfig"; path = "Pods/Target Support Files/Pods-pinnerTests/Pods-pinnerTests.release.xcconfig"; sourceTree = "<group>"; };
		80FFCACB8318F1D6CCD88153 /* Pods_pinnerTests.framework */ = {isa = PBXFileReference; explicitFileType = wrapper.framework; includeInIndex = 0; path = Pods_pinnerTests.framework; sourceTree = BUILT_PRODUCTS_DIR; };
		8C215FFA217B11A10027E7B9 /* moneymonster.local.DER */ = {isa = PBXFileReference; lastKnownFileType = file; path = moneymonster.local.DER; sourceTree = "<group>"; };
		8C216000217B136E0027E7B9 /* pinnerTests.xctest */ = {isa = PBXFileReference; explicitFileType = wrapper.cfbundle; includeInIndex = 0; path = pinnerTests.xctest; sourceTree = BUILT_PRODUCTS_DIR; };
		8C216002217B136E0027E7B9 /* pinnerTests.swift */ = {isa = PBXFileReference; lastKnownFileType = sourcecode.swift; path = pinnerTests.swift; sourceTree = "<group>"; };
		8C216004217B136E0027E7B9 /* Info.plist */ = {isa = PBXFileReference; lastKnownFileType = text.plist.xml; path = Info.plist; sourceTree = "<group>"; };
		8C25587D2171CCBC00F2B9A1 /* httpbinorg.crt */ = {isa = PBXFileReference; fileEncoding = 4; lastKnownFileType = text; path = httpbinorg.crt; sourceTree = "<group>"; };
		8C25587F2171CDE400F2B9A1 /* httpbinorg.cer */ = {isa = PBXFileReference; lastKnownFileType = file; path = httpbinorg.cer; sourceTree = "<group>"; };
		8C2558822173182D00F2B9A1 /* DownloadSessionDelegate.swift */ = {isa = PBXFileReference; lastKnownFileType = sourcecode.swift; path = DownloadSessionDelegate.swift; sourceTree = "<group>"; };
		8C8C0908217B21E400115591 /* NOTES.txt */ = {isa = PBXFileReference; lastKnownFileType = text; path = NOTES.txt; sourceTree = "<group>"; };
		8C8C090A217B25D500115591 /* momo-ca.1.crt.DER */ = {isa = PBXFileReference; lastKnownFileType = file; path = "momo-ca.1.crt.DER"; sourceTree = "<group>"; };
		8C8C0910217B2F0300115591 /* Security.framework */ = {isa = PBXFileReference; lastKnownFileType = wrapper.framework; name = Security.framework; path = System/Library/Frameworks/Security.framework; sourceTree = SDKROOT; };
		8CEFD9D1217442B500F05D6E /* README.md */ = {isa = PBXFileReference; lastKnownFileType = net.daringfireball.markdown; path = README.md; sourceTree = "<group>"; };
		8CFCEAFB2474202BC21E003D /* Pods-pinner.release.xcconfig */ = {isa = PBXFileReference; includeInIndex = 1; lastKnownFileType = text.xcconfig; name = "Pods-pinner.release.xcconfig"; path = "Pods/Target Support Files/Pods-pinner/Pods-pinner.release.xcconfig"; sourceTree = "<group>"; };
		9F8A7A9936674CF05425908E /* Pods-pinner.debug.xcconfig */ = {isa = PBXFileReference; includeInIndex = 1; lastKnownFileType = text.xcconfig; name = "Pods-pinner.debug.xcconfig"; path = "Pods/Target Support Files/Pods-pinner/Pods-pinner.debug.xcconfig"; sourceTree = "<group>"; };
		F5BB9469EFB703639891AEF9 /* Pods_pinner.framework */ = {isa = PBXFileReference; explicitFileType = wrapper.framework; includeInIndex = 0; path = Pods_pinner.framework; sourceTree = BUILT_PRODUCTS_DIR; };
/* End PBXFileReference section */

/* Begin PBXFrameworksBuildPhase section */
		49F5C83A1F6BCA2700D3F8FB /* Frameworks */ = {
			isa = PBXFrameworksBuildPhase;
			buildActionMask = 2147483647;
			files = (
				8C8C0911217B2F0300115591 /* Security.framework in Frameworks */,
				33FC3624A97CD486BD41B9AD /* Pods_pinner.framework in Frameworks */,
			);
			runOnlyForDeploymentPostprocessing = 0;
		};
		8C215FFD217B136E0027E7B9 /* Frameworks */ = {
			isa = PBXFrameworksBuildPhase;
			buildActionMask = 2147483647;
			files = (
				F101795BB50007441F93E389 /* Pods_pinnerTests.framework in Frameworks */,
			);
			runOnlyForDeploymentPostprocessing = 0;
		};
/* End PBXFrameworksBuildPhase section */

/* Begin PBXGroup section */
		0DA612D8E7DC89C7311E2E49 /* Frameworks */ = {
			isa = PBXGroup;
			children = (
				8C8C0910217B2F0300115591 /* Security.framework */,
				F5BB9469EFB703639891AEF9 /* Pods_pinner.framework */,
				80FFCACB8318F1D6CCD88153 /* Pods_pinnerTests.framework */,
			);
			name = Frameworks;
			sourceTree = "<group>";
		};
		2D62074DC54AFD8C918B1FC3 /* Pods */ = {
			isa = PBXGroup;
			children = (
				9F8A7A9936674CF05425908E /* Pods-pinner.debug.xcconfig */,
				8CFCEAFB2474202BC21E003D /* Pods-pinner.release.xcconfig */,
				6C6CCEDEFB60C744FB8CA360 /* Pods-pinnerTests.debug.xcconfig */,
				749371F37A89C35F3E5D9F67 /* Pods-pinnerTests.release.xcconfig */,
			);
			name = Pods;
			sourceTree = "<group>";
		};
		49F5C8341F6BCA2700D3F8FB = {
			isa = PBXGroup;
			children = (
				8C8C0908217B21E400115591 /* NOTES.txt */,
				8CEFD9D1217442B500F05D6E /* README.md */,
				49F5C83F1F6BCA2700D3F8FB /* pinner */,
				8C216001217B136E0027E7B9 /* pinnerTests */,
				49F5C83E1F6BCA2700D3F8FB /* Products */,
				2D62074DC54AFD8C918B1FC3 /* Pods */,
				0DA612D8E7DC89C7311E2E49 /* Frameworks */,
			);
			sourceTree = "<group>";
		};
		49F5C83E1F6BCA2700D3F8FB /* Products */ = {
			isa = PBXGroup;
			children = (
				49F5C83D1F6BCA2700D3F8FB /* pinner.app */,
				8C216000217B136E0027E7B9 /* pinnerTests.xctest */,
			);
			name = Products;
			sourceTree = "<group>";
		};
		49F5C83F1F6BCA2700D3F8FB /* pinner */ = {
			isa = PBXGroup;
			children = (
				49F5C8401F6BCA2700D3F8FB /* AppDelegate.swift */,
				49F5C8421F6BCA2700D3F8FB /* ViewController.swift */,
				490CFE8E1F71783100EB83BF /* CustomServerTrustPolicyManager.swift */,
				490CFE941F72D63300EB83BF /* CustomSessionDelegate.swift */,
				1CB9EA9D2174E12F000E0EE4 /* SelftSignerSessionDelegate.swift */,
				8C2558822173182D00F2B9A1 /* DownloadSessionDelegate.swift */,
				1CB9EA992174C47C000E0EE4 /* GPCertUtils.swift */,
				8C215FF9217B037C0027E7B9 /* Certificates */,
				8C215FF8217B035C0027E7B9 /* Support Files */,
			);
			path = pinner;
			sourceTree = "<group>";
		};
		8C215FF8217B035C0027E7B9 /* Support Files */ = {
			isa = PBXGroup;
			children = (
				49F5C8441F6BCA2700D3F8FB /* Main.storyboard */,
				49F5C8471F6BCA2700D3F8FB /* Assets.xcassets */,
				49F5C8491F6BCA2700D3F8FB /* LaunchScreen.storyboard */,
				49F5C84C1F6BCA2700D3F8FB /* Info.plist */,
			);
			path = "Support Files";
			sourceTree = "<group>";
		};
		8C215FF9217B037C0027E7B9 /* Certificates */ = {
			isa = PBXGroup;
			children = (
				8C8C090A217B25D500115591 /* momo-ca.1.crt.DER */,
				8C215FFA217B11A10027E7B9 /* moneymonster.local.DER */,
				8C25587F2171CDE400F2B9A1 /* httpbinorg.cer */,
				8C25587D2171CCBC00F2B9A1 /* httpbinorg.crt */,
				490CFE901F72574E00EB83BF /* infinumco.crt */,
			);
			path = Certificates;
			sourceTree = "<group>";
		};
		8C216001217B136E0027E7B9 /* pinnerTests */ = {
			isa = PBXGroup;
			children = (
				8C216002217B136E0027E7B9 /* pinnerTests.swift */,
				8C216004217B136E0027E7B9 /* Info.plist */,
			);
			path = pinnerTests;
			sourceTree = "<group>";
		};
/* End PBXGroup section */

/* Begin PBXNativeTarget section */
		49F5C83C1F6BCA2700D3F8FB /* pinner */ = {
			isa = PBXNativeTarget;
			buildConfigurationList = 49F5C84F1F6BCA2700D3F8FB /* Build configuration list for PBXNativeTarget "pinner" */;
			buildPhases = (
				837859FAA51FC80B0DBA9860 /* [CP] Check Pods Manifest.lock */,
				49F5C8391F6BCA2700D3F8FB /* Sources */,
				49F5C83A1F6BCA2700D3F8FB /* Frameworks */,
				49F5C83B1F6BCA2700D3F8FB /* Resources */,
				BE4B414D13246490758256F8 /* [CP] Embed Pods Frameworks */,
			);
			buildRules = (
			);
			dependencies = (
			);
			name = pinner;
			productName = pinner;
			productReference = 49F5C83D1F6BCA2700D3F8FB /* pinner.app */;
			productType = "com.apple.product-type.application";
		};
		8C215FFF217B136E0027E7B9 /* pinnerTests */ = {
			isa = PBXNativeTarget;
			buildConfigurationList = 8C216007217B136E0027E7B9 /* Build configuration list for PBXNativeTarget "pinnerTests" */;
			buildPhases = (
				93017EF697CA4D8164082F7B /* [CP] Check Pods Manifest.lock */,
				8C215FFC217B136E0027E7B9 /* Sources */,
				8C215FFD217B136E0027E7B9 /* Frameworks */,
				8C215FFE217B136E0027E7B9 /* Resources */,
			);
			buildRules = (
			);
			dependencies = (
				8C216006217B136E0027E7B9 /* PBXTargetDependency */,
			);
			name = pinnerTests;
			productName = pinnerTests;
			productReference = 8C216000217B136E0027E7B9 /* pinnerTests.xctest */;
			productType = "com.apple.product-type.bundle.unit-test";
		};
/* End PBXNativeTarget section */

/* Begin PBXProject section */
		49F5C8351F6BCA2700D3F8FB /* Project object */ = {
			isa = PBXProject;
			attributes = {
				LastSwiftUpdateCheck = 1000;
				LastUpgradeCheck = 1000;
				ORGANIZATIONNAME = Infinum;
				TargetAttributes = {
					49F5C83C1F6BCA2700D3F8FB = {
						CreatedOnToolsVersion = 9.0;
						LastSwiftMigration = 1000;
						ProvisioningStyle = Automatic;
					};
					8C215FFF217B136E0027E7B9 = {
						CreatedOnToolsVersion = 10.0;
						ProvisioningStyle = Automatic;
						TestTargetID = 49F5C83C1F6BCA2700D3F8FB;
					};
				};
			};
			buildConfigurationList = 49F5C8381F6BCA2700D3F8FB /* Build configuration list for PBXProject "pinner" */;
			compatibilityVersion = "Xcode 8.0";
			developmentRegion = en;
			hasScannedForEncodings = 0;
			knownRegions = (
				en,
				Base,
			);
			mainGroup = 49F5C8341F6BCA2700D3F8FB;
			productRefGroup = 49F5C83E1F6BCA2700D3F8FB /* Products */;
			projectDirPath = "";
			projectRoot = "";
			targets = (
				49F5C83C1F6BCA2700D3F8FB /* pinner */,
				8C215FFF217B136E0027E7B9 /* pinnerTests */,
			);
		};
/* End PBXProject section */

/* Begin PBXResourcesBuildPhase section */
		49F5C83B1F6BCA2700D3F8FB /* Resources */ = {
			isa = PBXResourcesBuildPhase;
			buildActionMask = 2147483647;
			files = (
				490CFE911F72574E00EB83BF /* infinumco.crt in Resources */,
				49F5C84B1F6BCA2700D3F8FB /* LaunchScreen.storyboard in Resources */,
				8C2558812171D22100F2B9A1 /* httpbinorg.crt in Resources */,
				49F5C8481F6BCA2700D3F8FB /* Assets.xcassets in Resources */,
				8C8C0909217B21E400115591 /* NOTES.txt in Resources */,
				8C2558802171CDE400F2B9A1 /* httpbinorg.cer in Resources */,
				8C8C090B217B25D500115591 /* momo-ca.1.crt.DER in Resources */,
				49F5C8461F6BCA2700D3F8FB /* Main.storyboard in Resources */,
				8C215FFB217B11A10027E7B9 /* moneymonster.local.DER in Resources */,
			);
			runOnlyForDeploymentPostprocessing = 0;
		};
		8C215FFE217B136E0027E7B9 /* Resources */ = {
			isa = PBXResourcesBuildPhase;
			buildActionMask = 2147483647;
			files = (
				8C21600A217B13960027E7B9 /* moneymonster.local.DER in Resources */,
			);
			runOnlyForDeploymentPostprocessing = 0;
		};
/* End PBXResourcesBuildPhase section */

/* Begin PBXShellScriptBuildPhase section */
		837859FAA51FC80B0DBA9860 /* [CP] Check Pods Manifest.lock */ = {
			isa = PBXShellScriptBuildPhase;
			buildActionMask = 2147483647;
			files = (
			);
			inputPaths = (
				"${PODS_PODFILE_DIR_PATH}/Podfile.lock",
				"${PODS_ROOT}/Manifest.lock",
			);
			name = "[CP] Check Pods Manifest.lock";
			outputPaths = (
				"$(DERIVED_FILE_DIR)/Pods-pinner-checkManifestLockResult.txt",
			);
			runOnlyForDeploymentPostprocessing = 0;
			shellPath = /bin/sh;
			shellScript = "diff \"${PODS_PODFILE_DIR_PATH}/Podfile.lock\" \"${PODS_ROOT}/Manifest.lock\" > /dev/null\nif [ $? != 0 ] ; then\n    # print error to STDERR\n    echo \"error: The sandbox is not in sync with the Podfile.lock. Run 'pod install' or update your CocoaPods installation.\" >&2\n    exit 1\nfi\n# This output is used by Xcode 'outputs' to avoid re-running this script phase.\necho \"SUCCESS\" > \"${SCRIPT_OUTPUT_FILE_0}\"\n";
			showEnvVarsInLog = 0;
		};
		93017EF697CA4D8164082F7B /* [CP] Check Pods Manifest.lock */ = {
			isa = PBXShellScriptBuildPhase;
			buildActionMask = 2147483647;
			files = (
			);
			inputFileListPaths = (
			);
			inputPaths = (
				"${PODS_PODFILE_DIR_PATH}/Podfile.lock",
				"${PODS_ROOT}/Manifest.lock",
			);
			name = "[CP] Check Pods Manifest.lock";
			outputFileListPaths = (
			);
			outputPaths = (
				"$(DERIVED_FILE_DIR)/Pods-pinnerTests-checkManifestLockResult.txt",
			);
			runOnlyForDeploymentPostprocessing = 0;
			shellPath = /bin/sh;
			shellScript = "diff \"${PODS_PODFILE_DIR_PATH}/Podfile.lock\" \"${PODS_ROOT}/Manifest.lock\" > /dev/null\nif [ $? != 0 ] ; then\n    # print error to STDERR\n    echo \"error: The sandbox is not in sync with the Podfile.lock. Run 'pod install' or update your CocoaPods installation.\" >&2\n    exit 1\nfi\n# This output is used by Xcode 'outputs' to avoid re-running this script phase.\necho \"SUCCESS\" > \"${SCRIPT_OUTPUT_FILE_0}\"\n";
			showEnvVarsInLog = 0;
		};
		BE4B414D13246490758256F8 /* [CP] Embed Pods Frameworks */ = {
			isa = PBXShellScriptBuildPhase;
			buildActionMask = 2147483647;
			files = (
			);
			inputPaths = (
				"${SRCROOT}/Pods/Target Support Files/Pods-pinner/Pods-pinner-frameworks.sh",
				"${BUILT_PRODUCTS_DIR}/ASN1Decoder/ASN1Decoder.framework",
				"${BUILT_PRODUCTS_DIR}/Alamofire/Alamofire.framework",
			);
			name = "[CP] Embed Pods Frameworks";
			outputPaths = (
				"${TARGET_BUILD_DIR}/${FRAMEWORKS_FOLDER_PATH}/ASN1Decoder.framework",
				"${TARGET_BUILD_DIR}/${FRAMEWORKS_FOLDER_PATH}/Alamofire.framework",
			);
			runOnlyForDeploymentPostprocessing = 0;
			shellPath = /bin/sh;
			shellScript = "\"${SRCROOT}/Pods/Target Support Files/Pods-pinner/Pods-pinner-frameworks.sh\"\n";
			showEnvVarsInLog = 0;
		};
/* End PBXShellScriptBuildPhase section */

/* Begin PBXSourcesBuildPhase section */
		49F5C8391F6BCA2700D3F8FB /* Sources */ = {
			isa = PBXSourcesBuildPhase;
			buildActionMask = 2147483647;
			files = (
				1CB9EA9E2174E130000E0EE4 /* SelftSignerSessionDelegate.swift in Sources */,
				8C2558832173182D00F2B9A1 /* DownloadSessionDelegate.swift in Sources */,
				490CFE951F72D63300EB83BF /* CustomSessionDelegate.swift in Sources */,
				490CFE8F1F71783100EB83BF /* CustomServerTrustPolicyManager.swift in Sources */,
				49F5C8431F6BCA2700D3F8FB /* ViewController.swift in Sources */,
				1CB9EA9A2174C47C000E0EE4 /* GPCertUtils.swift in Sources */,
				49F5C8411F6BCA2700D3F8FB /* AppDelegate.swift in Sources */,
			);
			runOnlyForDeploymentPostprocessing = 0;
		};
		8C215FFC217B136E0027E7B9 /* Sources */ = {
			isa = PBXSourcesBuildPhase;
			buildActionMask = 2147483647;
			files = (
				8C216003217B136E0027E7B9 /* pinnerTests.swift in Sources */,
			);
			runOnlyForDeploymentPostprocessing = 0;
		};
/* End PBXSourcesBuildPhase section */

/* Begin PBXTargetDependency section */
		8C216006217B136E0027E7B9 /* PBXTargetDependency */ = {
			isa = PBXTargetDependency;
			target = 49F5C83C1F6BCA2700D3F8FB /* pinner */;
			targetProxy = 8C216005217B136E0027E7B9 /* PBXContainerItemProxy */;
		};
/* End PBXTargetDependency section */

/* Begin PBXVariantGroup section */
		49F5C8441F6BCA2700D3F8FB /* Main.storyboard */ = {
			isa = PBXVariantGroup;
			children = (
				49F5C8451F6BCA2700D3F8FB /* Base */,
			);
			name = Main.storyboard;
			sourceTree = "<group>";
		};
		49F5C8491F6BCA2700D3F8FB /* LaunchScreen.storyboard */ = {
			isa = PBXVariantGroup;
			children = (
				49F5C84A1F6BCA2700D3F8FB /* Base */,
			);
			name = LaunchScreen.storyboard;
			sourceTree = "<group>";
		};
/* End PBXVariantGroup section */

/* Begin XCBuildConfiguration section */
		49F5C84D1F6BCA2700D3F8FB /* Debug */ = {
			isa = XCBuildConfiguration;
			buildSettings = {
				ALWAYS_SEARCH_USER_PATHS = NO;
				CLANG_ANALYZER_NONNULL = YES;
				CLANG_ANALYZER_NUMBER_OBJECT_CONVERSION = YES_AGGRESSIVE;
				CLANG_CXX_LANGUAGE_STANDARD = "gnu++14";
				CLANG_CXX_LIBRARY = "libc++";
				CLANG_ENABLE_MODULES = YES;
				CLANG_ENABLE_OBJC_ARC = YES;
				CLANG_WARN_BLOCK_CAPTURE_AUTORELEASING = YES;
				CLANG_WARN_BOOL_CONVERSION = YES;
				CLANG_WARN_COMMA = YES;
				CLANG_WARN_CONSTANT_CONVERSION = YES;
				CLANG_WARN_DEPRECATED_OBJC_IMPLEMENTATIONS = YES;
				CLANG_WARN_DIRECT_OBJC_ISA_USAGE = YES_ERROR;
				CLANG_WARN_DOCUMENTATION_COMMENTS = YES;
				CLANG_WARN_EMPTY_BODY = YES;
				CLANG_WARN_ENUM_CONVERSION = YES;
				CLANG_WARN_INFINITE_RECURSION = YES;
				CLANG_WARN_INT_CONVERSION = YES;
				CLANG_WARN_NON_LITERAL_NULL_CONVERSION = YES;
				CLANG_WARN_OBJC_IMPLICIT_RETAIN_SELF = YES;
				CLANG_WARN_OBJC_LITERAL_CONVERSION = YES;
				CLANG_WARN_OBJC_ROOT_CLASS = YES_ERROR;
				CLANG_WARN_RANGE_LOOP_ANALYSIS = YES;
				CLANG_WARN_STRICT_PROTOTYPES = YES;
				CLANG_WARN_SUSPICIOUS_MOVE = YES;
				CLANG_WARN_UNGUARDED_AVAILABILITY = YES_AGGRESSIVE;
				CLANG_WARN_UNREACHABLE_CODE = YES;
				CLANG_WARN__DUPLICATE_METHOD_MATCH = YES;
				CODE_SIGN_IDENTITY = "iPhone Developer";
				COPY_PHASE_STRIP = NO;
				DEBUG_INFORMATION_FORMAT = dwarf;
				ENABLE_STRICT_OBJC_MSGSEND = YES;
				ENABLE_TESTABILITY = YES;
				GCC_C_LANGUAGE_STANDARD = gnu11;
				GCC_DYNAMIC_NO_PIC = NO;
				GCC_NO_COMMON_BLOCKS = YES;
				GCC_OPTIMIZATION_LEVEL = 0;
				GCC_PREPROCESSOR_DEFINITIONS = (
					"DEBUG=1",
					"$(inherited)",
				);
				GCC_WARN_64_TO_32_BIT_CONVERSION = YES;
				GCC_WARN_ABOUT_RETURN_TYPE = YES_ERROR;
				GCC_WARN_UNDECLARED_SELECTOR = YES;
				GCC_WARN_UNINITIALIZED_AUTOS = YES_AGGRESSIVE;
				GCC_WARN_UNUSED_FUNCTION = YES;
				GCC_WARN_UNUSED_VARIABLE = YES;
				IPHONEOS_DEPLOYMENT_TARGET = 11.0;
				MTL_ENABLE_DEBUG_INFO = YES;
				ONLY_ACTIVE_ARCH = YES;
				SDKROOT = iphoneos;
				SWIFT_ACTIVE_COMPILATION_CONDITIONS = DEBUG;
				SWIFT_OBJC_BRIDGING_HEADER = "pinner/pinner-Bridging-Header.h";
				SWIFT_OPTIMIZATION_LEVEL = "-Onone";
			};
			name = Debug;
		};
		49F5C84E1F6BCA2700D3F8FB /* Release */ = {
			isa = XCBuildConfiguration;
			buildSettings = {
				ALWAYS_SEARCH_USER_PATHS = NO;
				CLANG_ANALYZER_NONNULL = YES;
				CLANG_ANALYZER_NUMBER_OBJECT_CONVERSION = YES_AGGRESSIVE;
				CLANG_CXX_LANGUAGE_STANDARD = "gnu++14";
				CLANG_CXX_LIBRARY = "libc++";
				CLANG_ENABLE_MODULES = YES;
				CLANG_ENABLE_OBJC_ARC = YES;
				CLANG_WARN_BLOCK_CAPTURE_AUTORELEASING = YES;
				CLANG_WARN_BOOL_CONVERSION = YES;
				CLANG_WARN_COMMA = YES;
				CLANG_WARN_CONSTANT_CONVERSION = YES;
				CLANG_WARN_DEPRECATED_OBJC_IMPLEMENTATIONS = YES;
				CLANG_WARN_DIRECT_OBJC_ISA_USAGE = YES_ERROR;
				CLANG_WARN_DOCUMENTATION_COMMENTS = YES;
				CLANG_WARN_EMPTY_BODY = YES;
				CLANG_WARN_ENUM_CONVERSION = YES;
				CLANG_WARN_INFINITE_RECURSION = YES;
				CLANG_WARN_INT_CONVERSION = YES;
				CLANG_WARN_NON_LITERAL_NULL_CONVERSION = YES;
				CLANG_WARN_OBJC_IMPLICIT_RETAIN_SELF = YES;
				CLANG_WARN_OBJC_LITERAL_CONVERSION = YES;
				CLANG_WARN_OBJC_ROOT_CLASS = YES_ERROR;
				CLANG_WARN_RANGE_LOOP_ANALYSIS = YES;
				CLANG_WARN_STRICT_PROTOTYPES = YES;
				CLANG_WARN_SUSPICIOUS_MOVE = YES;
				CLANG_WARN_UNGUARDED_AVAILABILITY = YES_AGGRESSIVE;
				CLANG_WARN_UNREACHABLE_CODE = YES;
				CLANG_WARN__DUPLICATE_METHOD_MATCH = YES;
				CODE_SIGN_IDENTITY = "iPhone Developer";
				COPY_PHASE_STRIP = NO;
				DEBUG_INFORMATION_FORMAT = "dwarf-with-dsym";
				ENABLE_NS_ASSERTIONS = NO;
				ENABLE_STRICT_OBJC_MSGSEND = YES;
				GCC_C_LANGUAGE_STANDARD = gnu11;
				GCC_NO_COMMON_BLOCKS = YES;
				GCC_WARN_64_TO_32_BIT_CONVERSION = YES;
				GCC_WARN_ABOUT_RETURN_TYPE = YES_ERROR;
				GCC_WARN_UNDECLARED_SELECTOR = YES;
				GCC_WARN_UNINITIALIZED_AUTOS = YES_AGGRESSIVE;
				GCC_WARN_UNUSED_FUNCTION = YES;
				GCC_WARN_UNUSED_VARIABLE = YES;
				IPHONEOS_DEPLOYMENT_TARGET = 11.0;
				MTL_ENABLE_DEBUG_INFO = NO;
				SDKROOT = iphoneos;
				SWIFT_OBJC_BRIDGING_HEADER = "pinner/pinner-Bridging-Header.h";
				SWIFT_OPTIMIZATION_LEVEL = "-Owholemodule";
				VALIDATE_PRODUCT = YES;
			};
			name = Release;
		};
		49F5C8501F6BCA2700D3F8FB /* Debug */ = {
			isa = XCBuildConfiguration;
			baseConfigurationReference = 9F8A7A9936674CF05425908E /* Pods-pinner.debug.xcconfig */;
			buildSettings = {
				ASSETCATALOG_COMPILER_APPICON_NAME = AppIcon;
				CODE_SIGN_STYLE = Automatic;
				DEVELOPMENT_TEAM = 63B3QD8Z4R;
				INFOPLIST_FILE = "pinner/Support Files/Info.plist";
				LD_RUNPATH_SEARCH_PATHS = "$(inherited) @executable_path/Frameworks";
				PRODUCT_BUNDLE_IDENTIFIER = co.infinum.pinner;
				PRODUCT_NAME = "$(TARGET_NAME)";
				SWIFT_OBJC_BRIDGING_HEADER = "";
				SWIFT_VERSION = 4.2;
				TARGETED_DEVICE_FAMILY = "1,2";
			};
			name = Debug;
		};
		49F5C8511F6BCA2700D3F8FB /* Release */ = {
			isa = XCBuildConfiguration;
			baseConfigurationReference = 8CFCEAFB2474202BC21E003D /* Pods-pinner.release.xcconfig */;
			buildSettings = {
				ASSETCATALOG_COMPILER_APPICON_NAME = AppIcon;
				CODE_SIGN_STYLE = Automatic;
				DEVELOPMENT_TEAM = 63B3QD8Z4R;
				INFOPLIST_FILE = "pinner/Support Files/Info.plist";
				LD_RUNPATH_SEARCH_PATHS = "$(inherited) @executable_path/Frameworks";
				PRODUCT_BUNDLE_IDENTIFIER = co.infinum.pinner;
				PRODUCT_NAME = "$(TARGET_NAME)";
				SWIFT_OBJC_BRIDGING_HEADER = "";
				SWIFT_VERSION = 4.2;
				TARGETED_DEVICE_FAMILY = "1,2";
			};
			name = Release;
		};
		8C216008217B136E0027E7B9 /* Debug */ = {
			isa = XCBuildConfiguration;
			baseConfigurationReference = 6C6CCEDEFB60C744FB8CA360 /* Pods-pinnerTests.debug.xcconfig */;
			buildSettings = {
				BUNDLE_LOADER = "$(TEST_HOST)";
				CLANG_ENABLE_OBJC_WEAK = YES;
				CODE_SIGN_STYLE = Automatic;
				INFOPLIST_FILE = pinnerTests/Info.plist;
				IPHONEOS_DEPLOYMENT_TARGET = 12.0;
				LD_RUNPATH_SEARCH_PATHS = "$(inherited) @executable_path/Frameworks @loader_path/Frameworks";
				MTL_ENABLE_DEBUG_INFO = INCLUDE_SOURCE;
				MTL_FAST_MATH = YES;
				PRODUCT_BUNDLE_IDENTIFIER = es.molestudio.pinnerTests;
				PRODUCT_NAME = "$(TARGET_NAME)";
				SWIFT_OBJC_BRIDGING_HEADER = "";
				SWIFT_VERSION = 4.2;
				TARGETED_DEVICE_FAMILY = "1,2";
				TEST_HOST = "$(BUILT_PRODUCTS_DIR)/pinner.app/pinner";
			};
			name = Debug;
		};
		8C216009217B136E0027E7B9 /* Release */ = {
			isa = XCBuildConfiguration;
			baseConfigurationReference = 749371F37A89C35F3E5D9F67 /* Pods-pinnerTests.release.xcconfig */;
			buildSettings = {
				BUNDLE_LOADER = "$(TEST_HOST)";
				CLANG_ENABLE_OBJC_WEAK = YES;
				CODE_SIGN_STYLE = Automatic;
				INFOPLIST_FILE = pinnerTests/Info.plist;
				IPHONEOS_DEPLOYMENT_TARGET = 12.0;
				LD_RUNPATH_SEARCH_PATHS = "$(inherited) @executable_path/Frameworks @loader_path/Frameworks";
				MTL_FAST_MATH = YES;
				PRODUCT_BUNDLE_IDENTIFIER = es.molestudio.pinnerTests;
				PRODUCT_NAME = "$(TARGET_NAME)";
				SWIFT_OBJC_BRIDGING_HEADER = "";
				SWIFT_VERSION = 4.2;
				TARGETED_DEVICE_FAMILY = "1,2";
				TEST_HOST = "$(BUILT_PRODUCTS_DIR)/pinner.app/pinner";
			};
			name = Release;
		};
/* End XCBuildConfiguration section */

/* Begin XCConfigurationList section */
		49F5C8381F6BCA2700D3F8FB /* Build configuration list for PBXProject "pinner" */ = {
			isa = XCConfigurationList;
			buildConfigurations = (
				49F5C84D1F6BCA2700D3F8FB /* Debug */,
				49F5C84E1F6BCA2700D3F8FB /* Release */,
			);
			defaultConfigurationIsVisible = 0;
			defaultConfigurationName = Release;
		};
		49F5C84F1F6BCA2700D3F8FB /* Build configuration list for PBXNativeTarget "pinner" */ = {
			isa = XCConfigurationList;
			buildConfigurations = (
				49F5C8501F6BCA2700D3F8FB /* Debug */,
				49F5C8511F6BCA2700D3F8FB /* Release */,
			);
			defaultConfigurationIsVisible = 0;
			defaultConfigurationName = Release;
		};
		8C216007217B136E0027E7B9 /* Build configuration list for PBXNativeTarget "pinnerTests" */ = {
			isa = XCConfigurationList;
			buildConfigurations = (
				8C216008217B136E0027E7B9 /* Debug */,
				8C216009217B136E0027E7B9 /* Release */,
			);
			defaultConfigurationIsVisible = 0;
			defaultConfigurationName = Release;
		};
/* End XCConfigurationList section */
	};
	rootObject = 49F5C8351F6BCA2700D3F8FB /* Project object */;
}
